
Microsoft Visual Studio Solution File, Format Version 12.00
Project("{FAE04EC0-301F-11D3-BF4B-00C04F79EFBC}") = "PRN232.LMS.API", "PRN232.LMS.API\PRN232.LMS.API.csproj", "{0D8735FD-82B4-4F94-A09D-572E88DC35CE}"
EndProject
Project("{FAE04EC0-301F-11D3-BF4B-00C04F79EFBC}") = "PRN232.LMS.Service", "PRN232.LMS.Service\PRN232.LMS.Service.csproj", "{0D4D259E-C737-43C5-9AEB-5A619FB310A7}"
EndProject
Project("{FAE04EC0-301F-11D3-BF4B-00C04F79EFBC}") = "PRN232.LMS.Repository", "PRN232.LMS.Repository\PRN232.LMS.Repository.csproj", "{30EC6567-F92D-4B29-9236-622BB1509847}"
EndProject
Global
	GlobalSection(SolutionConfigurationPlatforms) = preSolution
		Debug|Any CPU = Debug|Any CPU
		Release|Any CPU = Release|Any CPU
	EndGlobalSection
	GlobalSection(ProjectConfigurationPlatforms) = postSolution
		{0D8735FD-82B4-4F94-A09D-572E88DC35CE}.Debug|Any CPU.ActiveCfg = Debug|Any CPU
		{0D8735FD-82B4-4F94-A09D-572E88DC35CE}.Debug|Any CPU.Build.0 = Debug|Any CPU
		{0D8735FD-82B4-4F94-A09D-572E88DC35CE}.Release|Any CPU.ActiveCfg = Release|Any CPU
		{0D8735FD-82B4-4F94-A09D-572E88DC35CE}.Release|Any CPU.Build.0 = Release|Any CPU
		{0D4D259E-C737-43C5-9AEB-5A619FB310A7}.Debug|Any CPU.ActiveCfg = Debug|Any CPU
		{0D4D259E-C737-43C5-9AEB-5A619FB310A7}.Debug|Any CPU.Build.0 = Debug|Any CPU
		{0D4D259E-C737-43C5-9AEB-5A619FB310A7}.Release|Any CPU.ActiveCfg = Release|Any CPU
		{0D4D259E-C737-43C5-9AEB-5A619FB310A7}.Release|Any CPU.Build.0 = Release|Any CPU
		{30EC6567-F92D-4B29-9236-622BB1509847}.Debug|Any CPU.ActiveCfg = Debug|Any CPU
		{30EC6567-F92D-4B29-9236-622BB1509847}.Debug|Any CPU.Build.0 = Debug|Any CPU
		{30EC6567-F92D-4B29-9236-622BB1509847}.Release|Any CPU.ActiveCfg = Release|Any CPU
		{30EC6567-F92D-4B29-9236-622BB1509847}.Release|Any CPU.Build.0 = Release|Any CPU
	EndGlobalSection
EndGlobal
